
Microsoft Visual Studio Solution File, Format Version 12.00
# Visual Studio Version 16
VisualStudioVersion = 16.0.31410.357
MinimumVisualStudioVersion = 10.0.40219.1
Project("{9A19103F-16F7-4668-BE54-9A1E7A4F7556}") = "Core", "Core\Core.csproj", "{4ADE96D6-775D-4149-B5FF-AF48567D004D}"
EndProject
Project("{9A19103F-16F7-4668-BE54-9A1E7A4F7556}") = "Entities", "Entities\Entities.csproj", "{FE82356C-45EB-4913-9BBA-D854DD18562F}"
EndProject
Project("{9A19103F-16F7-4668-BE54-9A1E7A4F7556}") = "DataAccess", "DataAccess\DataAccess.csproj", "{54441F7F-0F32-4A77-8198-CD679014D55B}"
EndProject
Project("{9A19103F-16F7-4668-BE54-9A1E7A4F7556}") = "Business", "Business\Business.csproj", "{803293A7-FB32-4C94-8720-DCC31B0B78C0}"
EndProject
Project("{FAE04EC0-301F-11D3-BF4B-00C04F79EFBC}") = "WebUI", "WebUI\WebUI.csproj", "{6050C991-99B8-434D-9007-D0D04B0AEE47}"
EndProject
Global
	GlobalSection(SolutionConfigurationPlatforms) = preSolution
		Debug|Any CPU = Debug|Any CPU
		Release|Any CPU = Release|Any CPU
	EndGlobalSection
	GlobalSection(ProjectConfigurationPlatforms) = postSolution
		{4ADE96D6-775D-4149-B5FF-AF48567D004D}.Debug|Any CPU.ActiveCfg = Debug|Any CPU
		{4ADE96D6-775D-4149-B5FF-AF48567D004D}.Debug|Any CPU.Build.0 = Debug|Any CPU
		{4ADE96D6-775D-4149-B5FF-AF48567D004D}.Release|Any CPU.ActiveCfg = Release|Any CPU
		{4ADE96D6-775D-4149-B5FF-AF48567D004D}.Release|Any CPU.Build.0 = Release|Any CPU
		{FE82356C-45EB-4913-9BBA-D854DD18562F}.Debug|Any CPU.ActiveCfg = Debug|Any CPU
		{FE82356C-45EB-4913-9BBA-D854DD18562F}.Debug|Any CPU.Build.0 = Debug|Any CPU
		{FE82356C-45EB-4913-9BBA-D854DD18562F}.Release|Any CPU.ActiveCfg = Release|Any CPU
		{FE82356C-45EB-4913-9BBA-D854DD18562F}.Release|Any CPU.Build.0 = Release|Any CPU
		{54441F7F-0F32-4A77-8198-CD679014D55B}.Debug|Any CPU.ActiveCfg = Debug|Any CPU
		{54441F7F-0F32-4A77-8198-CD679014D55B}.Debug|Any CPU.Build.0 = Debug|Any CPU
		{54441F7F-0F32-4A77-8198-CD679014D55B}.Release|Any CPU.ActiveCfg = Release|Any CPU
		{54441F7F-0F32-4A77-8198-CD679014D55B}.Release|Any CPU.Build.0 = Release|Any CPU
		{803293A7-FB32-4C94-8720-DCC31B0B78C0}.Debug|Any CPU.ActiveCfg = Debug|Any CPU
		{803293A7-FB32-4C94-8720-DCC31B0B78C0}.Debug|Any CPU.Build.0 = Debug|Any CPU
		{803293A7-FB32-4C94-8720-DCC31B0B78C0}.Release|Any CPU.ActiveCfg = Release|Any CPU
		{803293A7-FB32-4C94-8720-DCC31B0B78C0}.Release|Any CPU.Build.0 = Release|Any CPU
		{6050C991-99B8-434D-9007-D0D04B0AEE47}.Debug|Any CPU.ActiveCfg = Debug|Any CPU
		{6050C991-99B8-434D-9007-D0D04B0AEE47}.Debug|Any CPU.Build.0 = Debug|Any CPU
		{6050C991-99B8-434D-9007-D0D04B0AEE47}.Release|Any CPU.ActiveCfg = Release|Any CPU
		{6050C991-99B8-434D-9007-D0D04B0AEE47}.Release|Any CPU.Build.0 = Release|Any CPU
	EndGlobalSection
	GlobalSection(SolutionProperties) = preSolution
		HideSolutionNode = FALSE
	EndGlobalSection
	GlobalSection(ExtensibilityGlobals) = postSolution
		SolutionGuid = {D7020E78-F726-4405-80FF-6DDA3DBDBCD3}
	EndGlobalSection
EndGlobal
